
Microsoft Visual Studio Solution File, Format Version 12.00
# Visual Studio Version 17
VisualStudioVersion = 17.0.31903.59
MinimumVisualStudioVersion = 10.0.40219.1
Project("{FAE04EC0-301F-11D3-BF4B-00C04F79EFBC}") = "partialpratice", "partialpratice\partialpratice.csproj", "{395AFFC4-97D0-450E-B10D-F240E04EC596}"
EndProject
Project("{FAE04EC0-301F-11D3-BF4B-00C04F79EFBC}") = "sealedcls", "sealedcls\sealedcls.csproj", "{D01C324D-D84D-44A8-A666-1382E1936367}"
EndProject
Global
	GlobalSection(SolutionConfigurationPlatforms) = preSolution
		Debug|Any CPU = Debug|Any CPU
		Release|Any CPU = Release|Any CPU
	EndGlobalSection
	GlobalSection(SolutionProperties) = preSolution
		HideSolutionNode = FALSE
	EndGlobalSection
	GlobalSection(ProjectConfigurationPlatforms) = postSolution
		{395AFFC4-97D0-450E-B10D-F240E04EC596}.Debug|Any CPU.ActiveCfg = Debug|Any CPU
		{395AFFC4-97D0-450E-B10D-F240E04EC596}.Debug|Any CPU.Build.0 = Debug|Any CPU
		{395AFFC4-97D0-450E-B10D-F240E04EC596}.Release|Any CPU.ActiveCfg = Release|Any CPU
		{395AFFC4-97D0-450E-B10D-F240E04EC596}.Release|Any CPU.Build.0 = Release|Any CPU
		{D01C324D-D84D-44A8-A666-1382E1936367}.Debug|Any CPU.ActiveCfg = Debug|Any CPU
		{D01C324D-D84D-44A8-A666-1382E1936367}.Debug|Any CPU.Build.0 = Debug|Any CPU
		{D01C324D-D84D-44A8-A666-1382E1936367}.Release|Any CPU.ActiveCfg = Release|Any CPU
		{D01C324D-D84D-44A8-A666-1382E1936367}.Release|Any CPU.Build.0 = Release|Any CPU
	EndGlobalSection
EndGlobal
